
Microsoft Visual Studio Solution File, Format Version 12.00
# Visual Studio 14
VisualStudioVersion = 14.0.24720.0
MinimumVisualStudioVersion = 10.0.40219.1
Project("{FAE04EC0-301F-11D3-BF4B-00C04F79EFBC}") = "GigaIRC.Protocol", "GigaIRC.Protocol\GigaIRC.Protocol.csproj", "{C878891D-6FCF-4F7F-B56B-35C1ED8782ED}"
EndProject
Project("{FAE04EC0-301F-11D3-BF4B-00C04F79EFBC}") = "GDDL", "..\GDDL\GDDL\GDDL.csproj", "{9B3E6F96-D5CC-4284-A5FC-2D43485855F2}"
EndProject
Project("{FAE04EC0-301F-11D3-BF4B-00C04F79EFBC}") = "GigaIRC.Client.WPF", "GigaIRC.Client.WPF\GigaIRC.Client.WPF.csproj", "{FE4858D9-5FDA-4BB6-9D6C-18BB35D69E7F}"
EndProject
Project("{2150E333-8FDC-42A3-9474-1A3956D46DE8}") = "Libs", "Libs", "{1DC533CA-3239-405D-A978-8042A2CC6A6C}"
EndProject
Global
	GlobalSection(SolutionConfigurationPlatforms) = preSolution
		Debug|Any CPU = Debug|Any CPU
		Release|Any CPU = Release|Any CPU
	EndGlobalSection
	GlobalSection(ProjectConfigurationPlatforms) = postSolution
		{C878891D-6FCF-4F7F-B56B-35C1ED8782ED}.Debug|Any CPU.ActiveCfg = Debug|Any CPU
		{C878891D-6FCF-4F7F-B56B-35C1ED8782ED}.Debug|Any CPU.Build.0 = Debug|Any CPU
		{C878891D-6FCF-4F7F-B56B-35C1ED8782ED}.Release|Any CPU.ActiveCfg = Release|Any CPU
		{C878891D-6FCF-4F7F-B56B-35C1ED8782ED}.Release|Any CPU.Build.0 = Release|Any CPU
		{9B3E6F96-D5CC-4284-A5FC-2D43485855F2}.Debug|Any CPU.ActiveCfg = Debug|Any CPU
		{9B3E6F96-D5CC-4284-A5FC-2D43485855F2}.Debug|Any CPU.Build.0 = Debug|Any CPU
		{9B3E6F96-D5CC-4284-A5FC-2D43485855F2}.Release|Any CPU.ActiveCfg = Release|Any CPU
		{9B3E6F96-D5CC-4284-A5FC-2D43485855F2}.Release|Any CPU.Build.0 = Release|Any CPU
		{FE4858D9-5FDA-4BB6-9D6C-18BB35D69E7F}.Debug|Any CPU.ActiveCfg = Debug|Any CPU
		{FE4858D9-5FDA-4BB6-9D6C-18BB35D69E7F}.Debug|Any CPU.Build.0 = Debug|Any CPU
		{FE4858D9-5FDA-4BB6-9D6C-18BB35D69E7F}.Release|Any CPU.ActiveCfg = Release|Any CPU
		{FE4858D9-5FDA-4BB6-9D6C-18BB35D69E7F}.Release|Any CPU.Build.0 = Release|Any CPU
	EndGlobalSection
	GlobalSection(SolutionProperties) = preSolution
		HideSolutionNode = FALSE
	EndGlobalSection
	GlobalSection(NestedProjects) = preSolution
		{9B3E6F96-D5CC-4284-A5FC-2D43485855F2} = {1DC533CA-3239-405D-A978-8042A2CC6A6C}
	EndGlobalSection
EndGlobal
